
Microsoft Visual Studio Solution File, Format Version 12.00
# Visual Studio Version 16
VisualStudioVersion = 16.0.29020.237
MinimumVisualStudioVersion = 10.0.40219.1
Project("{FAE04EC0-301F-11D3-BF4B-00C04F79EFBC}") = "ORacle.Web", "ORacle.Web.csproj", "{1C2BB0C7-1256-437E-86B0-5F712EF318C4}"
EndProject
Global
	GlobalSection(SolutionConfigurationPlatforms) = preSolution
		Debug|Any CPU = Debug|Any CPU
		Release|Any CPU = Release|Any CPU
	EndGlobalSection
	GlobalSection(ProjectConfigurationPlatforms) = postSolution
		{1C2BB0C7-1256-437E-86B0-5F712EF318C4}.Debug|Any CPU.ActiveCfg = Debug|Any CPU
		{1C2BB0C7-1256-437E-86B0-5F712EF318C4}.Debug|Any CPU.Build.0 = Debug|Any CPU
		{1C2BB0C7-1256-437E-86B0-5F712EF318C4}.Release|Any CPU.ActiveCfg = Release|Any CPU
		{1C2BB0C7-1256-437E-86B0-5F712EF318C4}.Release|Any CPU.Build.0 = Release|Any CPU
	EndGlobalSection
	GlobalSection(SolutionProperties) = preSolution
		HideSolutionNode = FALSE
	EndGlobalSection
	GlobalSection(ExtensibilityGlobals) = postSolution
		SolutionGuid = {BD56DBD6-6267-4C2A-85D5-2F02AB4FAB49}
	EndGlobalSection
EndGlobal
