
Microsoft Visual Studio Solution File, Format Version 12.00
# Visual Studio Version 16
VisualStudioVersion = 16.0.28803.156
MinimumVisualStudioVersion = 10.0.40219.1
Project("{9A19103F-16F7-4668-BE54-9A1E7A4F7556}") = "Microsoft.Extensions.CommandLineUtils", "Microsoft.Extensions.CommandLineUtils\Microsoft.Extensions.CommandLineUtils.csproj", "{D767FE77-8789-494F-AA5B-1F32173CCF5E}"
EndProject
Project("{FAE04EC0-301F-11D3-BF4B-00C04F79EFBC}") = "CommandLine.TestConsole", "CommandLine.TestConsole\CommandLine.TestConsole.csproj", "{B98C5E35-37C0-4948-B973-95BF4D31FD73}"
EndProject
Global
	GlobalSection(SolutionConfigurationPlatforms) = preSolution
		Debug|Any CPU = Debug|Any CPU
		Release|Any CPU = Release|Any CPU
	EndGlobalSection
	GlobalSection(ProjectConfigurationPlatforms) = postSolution
		{D767FE77-8789-494F-AA5B-1F32173CCF5E}.Debug|Any CPU.ActiveCfg = Debug|Any CPU
		{D767FE77-8789-494F-AA5B-1F32173CCF5E}.Debug|Any CPU.Build.0 = Debug|Any CPU
		{D767FE77-8789-494F-AA5B-1F32173CCF5E}.Release|Any CPU.ActiveCfg = Release|Any CPU
		{D767FE77-8789-494F-AA5B-1F32173CCF5E}.Release|Any CPU.Build.0 = Release|Any CPU
		{B98C5E35-37C0-4948-B973-95BF4D31FD73}.Debug|Any CPU.ActiveCfg = Debug|Any CPU
		{B98C5E35-37C0-4948-B973-95BF4D31FD73}.Debug|Any CPU.Build.0 = Debug|Any CPU
		{B98C5E35-37C0-4948-B973-95BF4D31FD73}.Release|Any CPU.ActiveCfg = Release|Any CPU
		{B98C5E35-37C0-4948-B973-95BF4D31FD73}.Release|Any CPU.Build.0 = Release|Any CPU
	EndGlobalSection
	GlobalSection(SolutionProperties) = preSolution
		HideSolutionNode = FALSE
	EndGlobalSection
	GlobalSection(ExtensibilityGlobals) = postSolution
		SolutionGuid = {4D4F6AE2-95CF-4DBC-8B84-6571BEFA34EB}
	EndGlobalSection
EndGlobal
